
Microsoft Visual Studio Solution File, Format Version 12.00
# Visual Studio Version 17
VisualStudioVersion = 17.8.34408.163
MinimumVisualStudioVersion = 10.0.40219.1
Project("{FAE04EC0-301F-11D3-BF4B-00C04F79EFBC}") = "ApplicationTibiDatas", "ApplicationTibiDatas\ApplicationTibiDatas.csproj", "{52779D97-92F9-4BF2-A7B0-62E4E6D19AC2}"
EndProject
Global
	GlobalSection(SolutionConfigurationPlatforms) = preSolution
		Debug|Any CPU = Debug|Any CPU
		Release|Any CPU = Release|Any CPU
	EndGlobalSection
	GlobalSection(ProjectConfigurationPlatforms) = postSolution
		{52779D97-92F9-4BF2-A7B0-62E4E6D19AC2}.Debug|Any CPU.ActiveCfg = Debug|Any CPU
		{52779D97-92F9-4BF2-A7B0-62E4E6D19AC2}.Debug|Any CPU.Build.0 = Debug|Any CPU
		{52779D97-92F9-4BF2-A7B0-62E4E6D19AC2}.Release|Any CPU.ActiveCfg = Release|Any CPU
		{52779D97-92F9-4BF2-A7B0-62E4E6D19AC2}.Release|Any CPU.Build.0 = Release|Any CPU
	EndGlobalSection
	GlobalSection(SolutionProperties) = preSolution
		HideSolutionNode = FALSE
	EndGlobalSection
	GlobalSection(ExtensibilityGlobals) = postSolution
		SolutionGuid = {AD322C50-5E8A-4A84-B837-FC57540DD1AB}
	EndGlobalSection
EndGlobal
